github.com/ChristianStefaniw/cgr-v2 v0.0.0-20210524214458-80bc697c506e h1:0YKS4C8v7cTCKY30cvJHc+BvS/CxE435+v3mwdlcmzc=
github.com/ChristianStefaniw/cgr-v2 v0.0.0-20210524214458-80bc697c506e/go.mod h1:ylPnNgf3jAKe3NVz9KJI1K9+WnUuuSows6N+EuIIGKY=
github.com/joho/godotenv v1.3.0 h1:Zjp+RcGpHhGlrMbJzXTrZZPrWj+1vfm90La1wgB6Bhc=
github.com/joho/godotenv v1.3.0/go.mod h1:7hK45KPybAkOC6peb+G5yklZfMxEjkZhHbwpqxOKXbg=
